
Microsoft Visual Studio Solution File, Format Version 12.00
# Visual Studio Version 17
VisualStudioVersion = 17.0.32112.339
MinimumVisualStudioVersion = 10.0.40219.1
Project("{FAE04EC0-301F-11D3-BF4B-00C04F79EFBC}") = "MoodAnalyserProblem", "MoodAnalyserProblem\MoodAnalyserProblem.csproj", "{C44471AF-D179-4909-870F-BEAAA82F7F1D}"
EndProject
Project("{FAE04EC0-301F-11D3-BF4B-00C04F79EFBC}") = "UnitTestProject1.MoodAnalyser", "UnitTestProject1.MoodAnalyser\UnitTestProject1.MoodAnalyser.csproj", "{3CB8BA60-B229-4CB0-8BDA-EE1ED5F387D9}"
EndProject
Global
	GlobalSection(SolutionConfigurationPlatforms) = preSolution
		Debug|Any CPU = Debug|Any CPU
		Release|Any CPU = Release|Any CPU
	EndGlobalSection
	GlobalSection(ProjectConfigurationPlatforms) = postSolution
		{C44471AF-D179-4909-870F-BEAAA82F7F1D}.Debug|Any CPU.ActiveCfg = Debug|Any CPU
		{C44471AF-D179-4909-870F-BEAAA82F7F1D}.Debug|Any CPU.Build.0 = Debug|Any CPU
		{C44471AF-D179-4909-870F-BEAAA82F7F1D}.Release|Any CPU.ActiveCfg = Release|Any CPU
		{C44471AF-D179-4909-870F-BEAAA82F7F1D}.Release|Any CPU.Build.0 = Release|Any CPU
		{3CB8BA60-B229-4CB0-8BDA-EE1ED5F387D9}.Debug|Any CPU.ActiveCfg = Debug|Any CPU
		{3CB8BA60-B229-4CB0-8BDA-EE1ED5F387D9}.Debug|Any CPU.Build.0 = Debug|Any CPU
		{3CB8BA60-B229-4CB0-8BDA-EE1ED5F387D9}.Release|Any CPU.ActiveCfg = Release|Any CPU
		{3CB8BA60-B229-4CB0-8BDA-EE1ED5F387D9}.Release|Any CPU.Build.0 = Release|Any CPU
	EndGlobalSection
	GlobalSection(SolutionProperties) = preSolution
		HideSolutionNode = FALSE
	EndGlobalSection
	GlobalSection(ExtensibilityGlobals) = postSolution
		SolutionGuid = {2D4D091E-8F02-4948-B05E-E77D20C4AC4D}
	EndGlobalSection
EndGlobal
